
Microsoft Visual Studio Solution File, Format Version 12.00
# Visual Studio 15
VisualStudioVersion = 15.0.28010.2003
MinimumVisualStudioVersion = 10.0.40219.1
Project("{FAE04EC0-301F-11D3-BF4B-00C04F79EFBC}") = "Web", "Web\Web.csproj", "{26E3D2A9-8D89-49A9-9193-2B29571F257F}"
EndProject
Project("{FAE04EC0-301F-11D3-BF4B-00C04F79EFBC}") = "App", "App\App.csproj", "{206299FD-9BFB-4D3A-AC04-647BB0067F14}"
EndProject
Global
	GlobalSection(SolutionConfigurationPlatforms) = preSolution
		Debug|Any CPU = Debug|Any CPU
		Release|Any CPU = Release|Any CPU
	EndGlobalSection
	GlobalSection(ProjectConfigurationPlatforms) = postSolution
		{26E3D2A9-8D89-49A9-9193-2B29571F257F}.Debug|Any CPU.ActiveCfg = Debug|Any CPU
		{26E3D2A9-8D89-49A9-9193-2B29571F257F}.Debug|Any CPU.Build.0 = Debug|Any CPU
		{26E3D2A9-8D89-49A9-9193-2B29571F257F}.Release|Any CPU.ActiveCfg = Release|Any CPU
		{26E3D2A9-8D89-49A9-9193-2B29571F257F}.Release|Any CPU.Build.0 = Release|Any CPU
		{206299FD-9BFB-4D3A-AC04-647BB0067F14}.Debug|Any CPU.ActiveCfg = Debug|Any CPU
		{206299FD-9BFB-4D3A-AC04-647BB0067F14}.Debug|Any CPU.Build.0 = Debug|Any CPU
		{206299FD-9BFB-4D3A-AC04-647BB0067F14}.Release|Any CPU.ActiveCfg = Release|Any CPU
		{206299FD-9BFB-4D3A-AC04-647BB0067F14}.Release|Any CPU.Build.0 = Release|Any CPU
	EndGlobalSection
	GlobalSection(SolutionProperties) = preSolution
		HideSolutionNode = FALSE
	EndGlobalSection
	GlobalSection(ExtensibilityGlobals) = postSolution
		SolutionGuid = {F45CF989-8DA9-4B38-A809-02A26790C0A8}
	EndGlobalSection
EndGlobal
